
Microsoft Visual Studio Solution File, Format Version 12.00
# Visual Studio Version 17
VisualStudioVersion = 17.1.32228.430
MinimumVisualStudioVersion = 10.0.40219.1
Project("{9A19103F-16F7-4668-BE54-9A1E7A4F7556}") = "Anduin.Parser", "src\Anduin.Parser\Anduin.Parser.csproj", "{8FEE1063-F750-43EE-8124-6A7A85BB3531}"
EndProject
Project("{9A19103F-16F7-4668-BE54-9A1E7A4F7556}") = "Anduin.Parser.Core", "src\Anduin.Parser.Core\Anduin.Parser.Core.csproj", "{8BB6EA69-6487-4709-B329-65B2F26DBDC2}"
EndProject
Project("{9A19103F-16F7-4668-BE54-9A1E7A4F7556}") = "Anduin.Parser.FFmpeg", "src\Anduin.Parser.FFmpeg\Anduin.Parser.FFmpeg.csproj", "{50D3CEAA-D632-4678-BE04-3F1B468B5B96}"
EndProject
Project("{2150E333-8FDC-42A3-9474-1A3956D46DE8}") = "src", "src", "{C3378506-CFC5-4A6D-BF31-E34D2F49830A}"
EndProject
Project("{2150E333-8FDC-42A3-9474-1A3956D46DE8}") = "tests", "tests", "{00C03649-1C34-421C-8399-2F6323C41E39}"
EndProject
Project("{9A19103F-16F7-4668-BE54-9A1E7A4F7556}") = "Anduin.Parser.Tests", "tests\Anduin.Parser.Tests\Anduin.Parser.Tests.csproj", "{7CFB1A71-0354-4929-8786-555BAD10D115}"
EndProject
Project("{FAE04EC0-301F-11D3-BF4B-00C04F79EFBC}") = "Anduin.Parser.Photos", "src\Anduin.Parser.Photos\Anduin.Parser.Photos.csproj", "{D5F35B27-DD07-4489-B652-299E5F2590B6}"
EndProject
Global
	GlobalSection(SolutionConfigurationPlatforms) = preSolution
		Debug|Any CPU = Debug|Any CPU
		Release|Any CPU = Release|Any CPU
	EndGlobalSection
	GlobalSection(ProjectConfigurationPlatforms) = postSolution
		{8FEE1063-F750-43EE-8124-6A7A85BB3531}.Debug|Any CPU.ActiveCfg = Debug|Any CPU
		{8FEE1063-F750-43EE-8124-6A7A85BB3531}.Debug|Any CPU.Build.0 = Debug|Any CPU
		{8FEE1063-F750-43EE-8124-6A7A85BB3531}.Release|Any CPU.ActiveCfg = Release|Any CPU
		{8FEE1063-F750-43EE-8124-6A7A85BB3531}.Release|Any CPU.Build.0 = Release|Any CPU
		{8BB6EA69-6487-4709-B329-65B2F26DBDC2}.Debug|Any CPU.ActiveCfg = Debug|Any CPU
		{8BB6EA69-6487-4709-B329-65B2F26DBDC2}.Debug|Any CPU.Build.0 = Debug|Any CPU
		{8BB6EA69-6487-4709-B329-65B2F26DBDC2}.Release|Any CPU.ActiveCfg = Release|Any CPU
		{8BB6EA69-6487-4709-B329-65B2F26DBDC2}.Release|Any CPU.Build.0 = Release|Any CPU
		{50D3CEAA-D632-4678-BE04-3F1B468B5B96}.Debug|Any CPU.ActiveCfg = Debug|Any CPU
		{50D3CEAA-D632-4678-BE04-3F1B468B5B96}.Debug|Any CPU.Build.0 = Debug|Any CPU
		{50D3CEAA-D632-4678-BE04-3F1B468B5B96}.Release|Any CPU.ActiveCfg = Release|Any CPU
		{50D3CEAA-D632-4678-BE04-3F1B468B5B96}.Release|Any CPU.Build.0 = Release|Any CPU
		{7CFB1A71-0354-4929-8786-555BAD10D115}.Debug|Any CPU.ActiveCfg = Debug|Any CPU
		{7CFB1A71-0354-4929-8786-555BAD10D115}.Debug|Any CPU.Build.0 = Debug|Any CPU
		{7CFB1A71-0354-4929-8786-555BAD10D115}.Release|Any CPU.ActiveCfg = Release|Any CPU
		{7CFB1A71-0354-4929-8786-555BAD10D115}.Release|Any CPU.Build.0 = Release|Any CPU
		{D5F35B27-DD07-4489-B652-299E5F2590B6}.Debug|Any CPU.ActiveCfg = Debug|Any CPU
		{D5F35B27-DD07-4489-B652-299E5F2590B6}.Debug|Any CPU.Build.0 = Debug|Any CPU
		{D5F35B27-DD07-4489-B652-299E5F2590B6}.Release|Any CPU.ActiveCfg = Release|Any CPU
		{D5F35B27-DD07-4489-B652-299E5F2590B6}.Release|Any CPU.Build.0 = Release|Any CPU
	EndGlobalSection
	GlobalSection(SolutionProperties) = preSolution
		HideSolutionNode = FALSE
	EndGlobalSection
	GlobalSection(NestedProjects) = preSolution
		{8FEE1063-F750-43EE-8124-6A7A85BB3531} = {C3378506-CFC5-4A6D-BF31-E34D2F49830A}
		{8BB6EA69-6487-4709-B329-65B2F26DBDC2} = {C3378506-CFC5-4A6D-BF31-E34D2F49830A}
		{50D3CEAA-D632-4678-BE04-3F1B468B5B96} = {C3378506-CFC5-4A6D-BF31-E34D2F49830A}
		{7CFB1A71-0354-4929-8786-555BAD10D115} = {00C03649-1C34-421C-8399-2F6323C41E39}
		{D5F35B27-DD07-4489-B652-299E5F2590B6} = {C3378506-CFC5-4A6D-BF31-E34D2F49830A}
	EndGlobalSection
	GlobalSection(ExtensibilityGlobals) = postSolution
		SolutionGuid = {BAA83CF2-A10A-43F1-B402-562B894ACF5D}
	EndGlobalSection
EndGlobal
