
Microsoft Visual Studio Solution File, Format Version 12.00
# Visual Studio Version 17
VisualStudioVersion = 17.1.32228.430
MinimumVisualStudioVersion = 10.0.40219.1
Project("{9A19103F-16F7-4668-BE54-9A1E7A4F7556}") = "Parser", "src\Parser\Parser.csproj", "{8FEE1063-F750-43EE-8124-6A7A85BB3531}"
EndProject
Project("{9A19103F-16F7-4668-BE54-9A1E7A4F7556}") = "Parser.Core", "src\Parser.Core\Parser.Core.csproj", "{8BB6EA69-6487-4709-B329-65B2F26DBDC2}"
EndProject
Global
	GlobalSection(SolutionConfigurationPlatforms) = preSolution
		Debug|Any CPU = Debug|Any CPU
		Release|Any CPU = Release|Any CPU
	EndGlobalSection
	GlobalSection(ProjectConfigurationPlatforms) = postSolution
		{8FEE1063-F750-43EE-8124-6A7A85BB3531}.Debug|Any CPU.ActiveCfg = Debug|Any CPU
		{8FEE1063-F750-43EE-8124-6A7A85BB3531}.Debug|Any CPU.Build.0 = Debug|Any CPU
		{8FEE1063-F750-43EE-8124-6A7A85BB3531}.Release|Any CPU.ActiveCfg = Release|Any CPU
		{8FEE1063-F750-43EE-8124-6A7A85BB3531}.Release|Any CPU.Build.0 = Release|Any CPU
		{8BB6EA69-6487-4709-B329-65B2F26DBDC2}.Debug|Any CPU.ActiveCfg = Debug|Any CPU
		{8BB6EA69-6487-4709-B329-65B2F26DBDC2}.Debug|Any CPU.Build.0 = Debug|Any CPU
		{8BB6EA69-6487-4709-B329-65B2F26DBDC2}.Release|Any CPU.ActiveCfg = Release|Any CPU
		{8BB6EA69-6487-4709-B329-65B2F26DBDC2}.Release|Any CPU.Build.0 = Release|Any CPU
	EndGlobalSection
	GlobalSection(SolutionProperties) = preSolution
		HideSolutionNode = FALSE
	EndGlobalSection
	GlobalSection(ExtensibilityGlobals) = postSolution
		SolutionGuid = {BAA83CF2-A10A-43F1-B402-562B894ACF5D}
	EndGlobalSection
EndGlobal
