
Microsoft Visual Studio Solution File, Format Version 12.00
# Visual Studio Version 17
VisualStudioVersion = 17.1.32228.430
MinimumVisualStudioVersion = 10.0.40219.1
Project("{9A19103F-16F7-4668-BE54-9A1E7A4F7556}") = "Parser", "Parser.csproj", "{B32A5BA7-629D-44F6-AF9F-2A28C4D7BC68}"
EndProject
Global
	GlobalSection(SolutionConfigurationPlatforms) = preSolution
		Debug|Any CPU = Debug|Any CPU
		Release|Any CPU = Release|Any CPU
	EndGlobalSection
	GlobalSection(ProjectConfigurationPlatforms) = postSolution
		{B32A5BA7-629D-44F6-AF9F-2A28C4D7BC68}.Debug|Any CPU.ActiveCfg = Debug|Any CPU
		{B32A5BA7-629D-44F6-AF9F-2A28C4D7BC68}.Debug|Any CPU.Build.0 = Debug|Any CPU
		{B32A5BA7-629D-44F6-AF9F-2A28C4D7BC68}.Release|Any CPU.ActiveCfg = Release|Any CPU
		{B32A5BA7-629D-44F6-AF9F-2A28C4D7BC68}.Release|Any CPU.Build.0 = Release|Any CPU
	EndGlobalSection
	GlobalSection(SolutionProperties) = preSolution
		HideSolutionNode = FALSE
	EndGlobalSection
	GlobalSection(ExtensibilityGlobals) = postSolution
		SolutionGuid = {BAA83CF2-A10A-43F1-B402-562B894ACF5D}
	EndGlobalSection
EndGlobal
